
Microsoft Visual Studio Solution File, Format Version 12.00
# Visual Studio 15
VisualStudioVersion = 15.0.33801.198
MinimumVisualStudioVersion = 10.0.40219.1
Project("{FAE04EC0-301F-11D3-BF4B-00C04F79EFBC}") = "TEST", "TEST\TEST.csproj", "{6BDF43B8-BEED-4160-80AF-62519861A318}"
	ProjectSection(ProjectDependencies) = postProject
		{9922AF0E-4E50-4731-B448-C199D7DA0574} = {9922AF0E-4E50-4731-B448-C199D7DA0574}
		{70470176-D9FE-4C8F-8528-1886A4504451} = {70470176-D9FE-4C8F-8528-1886A4504451}
	EndProjectSection
EndProject
Project("{FAE04EC0-301F-11D3-BF4B-00C04F79EFBC}") = "TEST.Service", "TEST.Service\TEST.Service.csproj", "{9922AF0E-4E50-4731-B448-C199D7DA0574}"
	ProjectSection(ProjectDependencies) = postProject
		{70470176-D9FE-4C8F-8528-1886A4504451} = {70470176-D9FE-4C8F-8528-1886A4504451}
	EndProjectSection
EndProject
Project("{FAE04EC0-301F-11D3-BF4B-00C04F79EFBC}") = "TEST.Model", "TEST.Model\TEST.Model.csproj", "{70470176-D9FE-4C8F-8528-1886A4504451}"
EndProject
Global
	GlobalSection(SolutionConfigurationPlatforms) = preSolution
		Debug|Any CPU = Debug|Any CPU
		Release|Any CPU = Release|Any CPU
	EndGlobalSection
	GlobalSection(ProjectConfigurationPlatforms) = postSolution
		{6BDF43B8-BEED-4160-80AF-62519861A318}.Debug|Any CPU.ActiveCfg = Debug|Any CPU
		{6BDF43B8-BEED-4160-80AF-62519861A318}.Debug|Any CPU.Build.0 = Debug|Any CPU
		{6BDF43B8-BEED-4160-80AF-62519861A318}.Release|Any CPU.ActiveCfg = Release|Any CPU
		{6BDF43B8-BEED-4160-80AF-62519861A318}.Release|Any CPU.Build.0 = Release|Any CPU
		{9922AF0E-4E50-4731-B448-C199D7DA0574}.Debug|Any CPU.ActiveCfg = Debug|Any CPU
		{9922AF0E-4E50-4731-B448-C199D7DA0574}.Debug|Any CPU.Build.0 = Debug|Any CPU
		{9922AF0E-4E50-4731-B448-C199D7DA0574}.Release|Any CPU.ActiveCfg = Release|Any CPU
		{9922AF0E-4E50-4731-B448-C199D7DA0574}.Release|Any CPU.Build.0 = Release|Any CPU
		{70470176-D9FE-4C8F-8528-1886A4504451}.Debug|Any CPU.ActiveCfg = Debug|Any CPU
		{70470176-D9FE-4C8F-8528-1886A4504451}.Debug|Any CPU.Build.0 = Debug|Any CPU
		{70470176-D9FE-4C8F-8528-1886A4504451}.Release|Any CPU.ActiveCfg = Release|Any CPU
		{70470176-D9FE-4C8F-8528-1886A4504451}.Release|Any CPU.Build.0 = Release|Any CPU
	EndGlobalSection
	GlobalSection(SolutionProperties) = preSolution
		HideSolutionNode = FALSE
	EndGlobalSection
	GlobalSection(ExtensibilityGlobals) = postSolution
		SolutionGuid = {0945EFFD-A45B-4053-A754-D9DB9DD2B2BB}
	EndGlobalSection
EndGlobal
